
Microsoft Visual Studio Solution File, Format Version 12.00
# Visual Studio Version 17
VisualStudioVersion = 17.6.33829.357
MinimumVisualStudioVersion = 10.0.40219.1
Project("{FAE04EC0-301F-11D3-BF4B-00C04F79EFBC}") = "Csharp-dangkymonhoc", "Csharp-dangkymonhoc\Csharp-dangkymonhoc.csproj", "{5D560227-ABEC-4FE1-8FA5-F22E99FFBDDD}"
EndProject
Global
	GlobalSection(SolutionConfigurationPlatforms) = preSolution
		Debug|Any CPU = Debug|Any CPU
		Release|Any CPU = Release|Any CPU
	EndGlobalSection
	GlobalSection(ProjectConfigurationPlatforms) = postSolution
		{5D560227-ABEC-4FE1-8FA5-F22E99FFBDDD}.Debug|Any CPU.ActiveCfg = Debug|Any CPU
		{5D560227-ABEC-4FE1-8FA5-F22E99FFBDDD}.Debug|Any CPU.Build.0 = Debug|Any CPU
		{5D560227-ABEC-4FE1-8FA5-F22E99FFBDDD}.Release|Any CPU.ActiveCfg = Release|Any CPU
		{5D560227-ABEC-4FE1-8FA5-F22E99FFBDDD}.Release|Any CPU.Build.0 = Release|Any CPU
	EndGlobalSection
	GlobalSection(SolutionProperties) = preSolution
		HideSolutionNode = FALSE
	EndGlobalSection
	GlobalSection(ExtensibilityGlobals) = postSolution
		SolutionGuid = {54456A02-4DF6-4162-BCC4-C9F65672C98B}
	EndGlobalSection
EndGlobal
